
Microsoft Visual Studio Solution File, Format Version 14.00
# Visual Studio 2015
VisualStudioVersion = 14.0
MinimumVisualStudioVersion = 10.0.40219.1
Project("{FAE04EC0-301F-11D3-BF4B-00C04F79EFBC}") = "DreamCMS.Config", "DreamCMS.Config\DreamCMS.Config.csproj", "{0D6F1B57-FE26-4766-82C8-22085DDC8143}"
EndProject
Project("{2150E333-8FDC-42A3-9474-1A3956D46DE8}") = "Library", "Library", "{6530949B-4E90-4831-A673-47B9C2C229B5}"
EndProject
Project("{FAE04EC0-301F-11D3-BF4B-00C04F79EFBC}") = "DreamCMS.Authorize", "DreamCMS.Authorize\DreamCMS.Authorize.csproj", "{F5EE1BD3-1EAF-440B-94EC-60445EEB1231}"
EndProject
Project("{FAE04EC0-301F-11D3-BF4B-00C04F79EFBC}") = "DreamCMS.Encrypt", "DreamCMS.Encrypt\DreamCMS.Encrypt.csproj", "{87A75A13-6E6C-40A6-B3AD-FDE05178B4A3}"
EndProject
Project("{FAE04EC0-301F-11D3-BF4B-00C04F79EFBC}") = "DreamCMS.Default", "DreamCMS.Default\DreamCMS.Default.csproj", "{D653AE54-F9E5-4A31-A8A2-73B89C4BB52E}"
EndProject
Project("{FAE04EC0-301F-11D3-BF4B-00C04F79EFBC}") = "DreamCMS.ModelsAdmin", "DreamCMS.Model\DreamCMS.ModelsAdmin.csproj", "{D05C4A38-3A64-4AFD-AE5E-C98D6F8EE9E1}"
EndProject
Project("{FAE04EC0-301F-11D3-BF4B-00C04F79EFBC}") = "DreamCMS.Upload", "DreamCMS.Upload\DreamCMS.Upload.csproj", "{6794A679-3887-469C-8A32-8217F45F3469}"
EndProject
Project("{FAE04EC0-301F-11D3-BF4B-00C04F79EFBC}") = "DreamCMS.FuncHelp", "DreamCMS.FuncHelp\DreamCMS.FuncHelp.csproj", "{29E080F9-6170-4C47-92CD-BA4ACE68E634}"
EndProject
Project("{FAE04EC0-301F-11D3-BF4B-00C04F79EFBC}") = "DreamCMS.CtrlerAdmin", "DreamCMS.CtrlerAdmin\DreamCMS.CtrlerAdmin.csproj", "{D6B332E8-EF1A-42FD-A12D-D95B591B6F86}"
EndProject
Project("{FAE04EC0-301F-11D3-BF4B-00C04F79EFBC}") = "DreamCMS", "DreamCMS\DreamCMS.csproj", "{FB7C35A4-D416-4D55-84C7-544EC2C96919}"
EndProject
Global
	GlobalSection(SolutionConfigurationPlatforms) = preSolution
		Debug|Any CPU = Debug|Any CPU
		Release|Any CPU = Release|Any CPU
	EndGlobalSection
	GlobalSection(ProjectConfigurationPlatforms) = postSolution
		{0D6F1B57-FE26-4766-82C8-22085DDC8143}.Debug|Any CPU.ActiveCfg = Debug|Any CPU
		{0D6F1B57-FE26-4766-82C8-22085DDC8143}.Debug|Any CPU.Build.0 = Debug|Any CPU
		{0D6F1B57-FE26-4766-82C8-22085DDC8143}.Release|Any CPU.ActiveCfg = Release|Any CPU
		{0D6F1B57-FE26-4766-82C8-22085DDC8143}.Release|Any CPU.Build.0 = Release|Any CPU
		{F5EE1BD3-1EAF-440B-94EC-60445EEB1231}.Debug|Any CPU.ActiveCfg = Debug|Any CPU
		{F5EE1BD3-1EAF-440B-94EC-60445EEB1231}.Debug|Any CPU.Build.0 = Debug|Any CPU
		{F5EE1BD3-1EAF-440B-94EC-60445EEB1231}.Release|Any CPU.ActiveCfg = Release|Any CPU
		{F5EE1BD3-1EAF-440B-94EC-60445EEB1231}.Release|Any CPU.Build.0 = Release|Any CPU
		{87A75A13-6E6C-40A6-B3AD-FDE05178B4A3}.Debug|Any CPU.ActiveCfg = Debug|Any CPU
		{87A75A13-6E6C-40A6-B3AD-FDE05178B4A3}.Debug|Any CPU.Build.0 = Debug|Any CPU
		{87A75A13-6E6C-40A6-B3AD-FDE05178B4A3}.Release|Any CPU.ActiveCfg = Release|Any CPU
		{87A75A13-6E6C-40A6-B3AD-FDE05178B4A3}.Release|Any CPU.Build.0 = Release|Any CPU
		{D653AE54-F9E5-4A31-A8A2-73B89C4BB52E}.Debug|Any CPU.ActiveCfg = Debug|Any CPU
		{D653AE54-F9E5-4A31-A8A2-73B89C4BB52E}.Debug|Any CPU.Build.0 = Debug|Any CPU
		{D653AE54-F9E5-4A31-A8A2-73B89C4BB52E}.Release|Any CPU.ActiveCfg = Release|Any CPU
		{D653AE54-F9E5-4A31-A8A2-73B89C4BB52E}.Release|Any CPU.Build.0 = Release|Any CPU
		{D05C4A38-3A64-4AFD-AE5E-C98D6F8EE9E1}.Debug|Any CPU.ActiveCfg = Debug|Any CPU
		{D05C4A38-3A64-4AFD-AE5E-C98D6F8EE9E1}.Debug|Any CPU.Build.0 = Debug|Any CPU
		{D05C4A38-3A64-4AFD-AE5E-C98D6F8EE9E1}.Release|Any CPU.ActiveCfg = Release|Any CPU
		{D05C4A38-3A64-4AFD-AE5E-C98D6F8EE9E1}.Release|Any CPU.Build.0 = Release|Any CPU
		{6794A679-3887-469C-8A32-8217F45F3469}.Debug|Any CPU.ActiveCfg = Debug|Any CPU
		{6794A679-3887-469C-8A32-8217F45F3469}.Debug|Any CPU.Build.0 = Debug|Any CPU
		{6794A679-3887-469C-8A32-8217F45F3469}.Release|Any CPU.ActiveCfg = Release|Any CPU
		{6794A679-3887-469C-8A32-8217F45F3469}.Release|Any CPU.Build.0 = Release|Any CPU
		{29E080F9-6170-4C47-92CD-BA4ACE68E634}.Debug|Any CPU.ActiveCfg = Debug|Any CPU
		{29E080F9-6170-4C47-92CD-BA4ACE68E634}.Debug|Any CPU.Build.0 = Debug|Any CPU
		{29E080F9-6170-4C47-92CD-BA4ACE68E634}.Release|Any CPU.ActiveCfg = Release|Any CPU
		{29E080F9-6170-4C47-92CD-BA4ACE68E634}.Release|Any CPU.Build.0 = Release|Any CPU
		{D6B332E8-EF1A-42FD-A12D-D95B591B6F86}.Debug|Any CPU.ActiveCfg = Debug|Any CPU
		{D6B332E8-EF1A-42FD-A12D-D95B591B6F86}.Debug|Any CPU.Build.0 = Debug|Any CPU
		{D6B332E8-EF1A-42FD-A12D-D95B591B6F86}.Release|Any CPU.ActiveCfg = Release|Any CPU
		{D6B332E8-EF1A-42FD-A12D-D95B591B6F86}.Release|Any CPU.Build.0 = Release|Any CPU
		{FB7C35A4-D416-4D55-84C7-544EC2C96919}.Debug|Any CPU.ActiveCfg = Debug|Any CPU
		{FB7C35A4-D416-4D55-84C7-544EC2C96919}.Debug|Any CPU.Build.0 = Debug|Any CPU
		{FB7C35A4-D416-4D55-84C7-544EC2C96919}.Release|Any CPU.ActiveCfg = Release|Any CPU
		{FB7C35A4-D416-4D55-84C7-544EC2C96919}.Release|Any CPU.Build.0 = Release|Any CPU
	EndGlobalSection
	GlobalSection(SolutionProperties) = preSolution
		HideSolutionNode = FALSE
	EndGlobalSection
	GlobalSection(NestedProjects) = preSolution
		{0D6F1B57-FE26-4766-82C8-22085DDC8143} = {6530949B-4E90-4831-A673-47B9C2C229B5}
		{F5EE1BD3-1EAF-440B-94EC-60445EEB1231} = {6530949B-4E90-4831-A673-47B9C2C229B5}
		{87A75A13-6E6C-40A6-B3AD-FDE05178B4A3} = {6530949B-4E90-4831-A673-47B9C2C229B5}
		{D653AE54-F9E5-4A31-A8A2-73B89C4BB52E} = {6530949B-4E90-4831-A673-47B9C2C229B5}
		{D05C4A38-3A64-4AFD-AE5E-C98D6F8EE9E1} = {6530949B-4E90-4831-A673-47B9C2C229B5}
		{6794A679-3887-469C-8A32-8217F45F3469} = {6530949B-4E90-4831-A673-47B9C2C229B5}
		{29E080F9-6170-4C47-92CD-BA4ACE68E634} = {6530949B-4E90-4831-A673-47B9C2C229B5}
		{D6B332E8-EF1A-42FD-A12D-D95B591B6F86} = {6530949B-4E90-4831-A673-47B9C2C229B5}
	EndGlobalSection
EndGlobal
